
Microsoft Visual Studio Solution File, Format Version 12.00
# Visual Studio Version 16
VisualStudioVersion = 16.0.34031.81
MinimumVisualStudioVersion = 10.0.40219.1
Project("{FAE04EC0-301F-11D3-BF4B-00C04F79EFBC}") = "LibraryManagementSystem1", "LibraryManagementSystem1\LibraryManagementSystem1.csproj", "{B90C2EC0-48EB-45BD-A6F4-24E5A35B16FF}"
EndProject
Global
	GlobalSection(SolutionConfigurationPlatforms) = preSolution
		Debug|Any CPU = Debug|Any CPU
		Release|Any CPU = Release|Any CPU
	EndGlobalSection
	GlobalSection(ProjectConfigurationPlatforms) = postSolution
		{B90C2EC0-48EB-45BD-A6F4-24E5A35B16FF}.Debug|Any CPU.ActiveCfg = Debug|Any CPU
		{B90C2EC0-48EB-45BD-A6F4-24E5A35B16FF}.Debug|Any CPU.Build.0 = Debug|Any CPU
		{B90C2EC0-48EB-45BD-A6F4-24E5A35B16FF}.Release|Any CPU.ActiveCfg = Release|Any CPU
		{B90C2EC0-48EB-45BD-A6F4-24E5A35B16FF}.Release|Any CPU.Build.0 = Release|Any CPU
	EndGlobalSection
	GlobalSection(SolutionProperties) = preSolution
		HideSolutionNode = FALSE
	EndGlobalSection
	GlobalSection(ExtensibilityGlobals) = postSolution
		SolutionGuid = {001126B8-A230-483C-B870-F419C4BC5CA2}
	EndGlobalSection
EndGlobal
